<?xml version="1.0" encoding="utf-8"?>
<Project ToolsVersion="4.0" xmlns="http://schemas.microsoft.com/developer/msbuild/2003">
  <ItemGroup>
    <Filter Include="Header">
      <UniqueIdentifier>{579b3969-1afa-43ed-a556-dd272d12d004}</UniqueIdentifier>
      <Extensions>*.h</Extensions>
    </Filter>
    <Filter Include="Source">
      <UniqueIdentifier>{12a9fc77-3c5c-40ce-8554-5edbe2b353da}</UniqueIdentifier>
      <Extensions>*.cpp</Extensions>
    </Filter>
  </ItemGroup>
  <ItemGroup>
    <ClCompile Include="rpc_dispatcher.cpp">
      <Filter>Source</Filter>
    </ClCompile>
  </ItemGroup>
</Project>