<?xml version="1.0" encoding="utf-8"?>
<Project ToolsVersion="4.0" xmlns="http://schemas.microsoft.com/developer/msbuild/2003">
  <ItemGroup>
    <Filter Include="Header">
      <UniqueIdentifier>{12e273e5-e276-44ba-b275-e434d4360461}</UniqueIdentifier>
      <Extensions>*.h</Extensions>
    </Filter>
    <Filter Include="Source">
      <UniqueIdentifier>{b33b1d3d-df12-4263-8c6e-4c29900e32d2}</UniqueIdentifier>
      <Extensions>*.cpp</Extensions>
    </Filter>
  </ItemGroup>
  <ItemGroup>
    <ClCompile Include="rpc_client.cpp">
      <Filter>Source</Filter>
    </ClCompile>
  </ItemGroup>
</Project>