<?xml version="1.0" encoding="utf-8"?>
<Project ToolsVersion="4.0" xmlns="http://schemas.microsoft.com/developer/msbuild/2003">
  <ItemGroup>
    <Filter Include="Header">
      <UniqueIdentifier>{57c0b889-243f-45b8-9a51-b341addbddde}</UniqueIdentifier>
      <Extensions>*.h</Extensions>
    </Filter>
    <Filter Include="Source">
      <UniqueIdentifier>{ab13e78a-c7f3-407b-9b0a-d3a075bde2f7}</UniqueIdentifier>
      <Extensions>*.cpp</Extensions>
    </Filter>
  </ItemGroup>
  <ItemGroup>
    <ClCompile Include="http_client_transport.cpp">
      <Filter>Source</Filter>
    </ClCompile>
  </ItemGroup>
</Project>