<?xml version="1.0" encoding="utf-8"?>
<Project ToolsVersion="4.0" xmlns="http://schemas.microsoft.com/developer/msbuild/2003">
  <ItemGroup>
    <Filter Include="Header">
      <UniqueIdentifier>{3267211f-b3de-4e95-b39f-39b8d51b4cb8}</UniqueIdentifier>
      <Extensions>*.h</Extensions>
    </Filter>
    <Filter Include="Resources">
      <UniqueIdentifier>{bf7ac6fc-93e1-4869-8c46-1ee4d3559000}</UniqueIdentifier>
    </Filter>
    <Filter Include="Source">
      <UniqueIdentifier>{eab014fa-afb3-4790-b319-395922b96992}</UniqueIdentifier>
      <Extensions>*.cpp</Extensions>
    </Filter>
  </ItemGroup>
  <ItemGroup>
    <ClCompile Include="systest.cpp">
      <Filter>Source</Filter>
    </ClCompile>
  </ItemGroup>
  <ItemGroup>
    <ClInclude Include="resource1.h" />
  </ItemGroup>
  <ItemGroup>
    <ResourceCompile Include="systest.rc" />
  </ItemGroup>
</Project>