<?xml version="1.0" encoding="utf-8"?>
<Project ToolsVersion="4.0" xmlns="http://schemas.microsoft.com/developer/msbuild/2003">
  <ItemGroup>
    <Filter Include="Header">
      <UniqueIdentifier>{4f2bfc1c-a297-43b4-8e9a-d27d48bb8dd2}</UniqueIdentifier>
      <Extensions>*.h</Extensions>
    </Filter>
    <Filter Include="Source">
      <UniqueIdentifier>{19626117-854e-4dd7-b361-345219a55ca9}</UniqueIdentifier>
      <Extensions>*.cpp</Extensions>
    </Filter>
  </ItemGroup>
  <ItemGroup>
    <ClCompile Include="filetest.cpp">
      <Filter>Source</Filter>
    </ClCompile>
  </ItemGroup>
</Project>